
Microsoft Visual Studio Solution File, Format Version 12.00
# Visual Studio 14
VisualStudioVersion = 14.0.25420.1
MinimumVisualStudioVersion = 10.0.40219.1
Project("{FAE04EC0-301F-11D3-BF4B-00C04F79EFBC}") = "CollocationMethodForSegment", "CollocationMethodForSegment\CollocationMethodForSegment.csproj", "{10C4B4EB-7F50-4891-85EA-5FE633DE3CF5}"
EndProject
Project("{FAE04EC0-301F-11D3-BF4B-00C04F79EFBC}") = "GalerkinMethodForSegment", "GalerkinMethodForSegment\GalerkinMethodForSegment.csproj", "{90C7515F-BB88-4649-A6BD-DFC1E2C68FA6}"
EndProject
Project("{FAE04EC0-301F-11D3-BF4B-00C04F79EFBC}") = "CollocationMethodForCircle", "CollocationMethodForCircle\CollocationMethodForCircle.csproj", "{9FFD1B9D-050B-45E8-8953-D5F7958BC47F}"
EndProject
Global
	GlobalSection(SolutionConfigurationPlatforms) = preSolution
		Debug|Any CPU = Debug|Any CPU
		Release|Any CPU = Release|Any CPU
	EndGlobalSection
	GlobalSection(ProjectConfigurationPlatforms) = postSolution
		{10C4B4EB-7F50-4891-85EA-5FE633DE3CF5}.Debug|Any CPU.ActiveCfg = Debug|Any CPU
		{10C4B4EB-7F50-4891-85EA-5FE633DE3CF5}.Debug|Any CPU.Build.0 = Debug|Any CPU
		{10C4B4EB-7F50-4891-85EA-5FE633DE3CF5}.Release|Any CPU.ActiveCfg = Release|Any CPU
		{10C4B4EB-7F50-4891-85EA-5FE633DE3CF5}.Release|Any CPU.Build.0 = Release|Any CPU
		{90C7515F-BB88-4649-A6BD-DFC1E2C68FA6}.Debug|Any CPU.ActiveCfg = Debug|Any CPU
		{90C7515F-BB88-4649-A6BD-DFC1E2C68FA6}.Debug|Any CPU.Build.0 = Debug|Any CPU
		{90C7515F-BB88-4649-A6BD-DFC1E2C68FA6}.Release|Any CPU.ActiveCfg = Release|Any CPU
		{90C7515F-BB88-4649-A6BD-DFC1E2C68FA6}.Release|Any CPU.Build.0 = Release|Any CPU
		{9FFD1B9D-050B-45E8-8953-D5F7958BC47F}.Debug|Any CPU.ActiveCfg = Debug|Any CPU
		{9FFD1B9D-050B-45E8-8953-D5F7958BC47F}.Debug|Any CPU.Build.0 = Debug|Any CPU
		{9FFD1B9D-050B-45E8-8953-D5F7958BC47F}.Release|Any CPU.ActiveCfg = Release|Any CPU
		{9FFD1B9D-050B-45E8-8953-D5F7958BC47F}.Release|Any CPU.Build.0 = Release|Any CPU
	EndGlobalSection
	GlobalSection(SolutionProperties) = preSolution
		HideSolutionNode = FALSE
	EndGlobalSection
EndGlobal
